
Microsoft Visual Studio Solution File, Format Version 12.00
# Visual Studio Version 17
VisualStudioVersion = 17.1.32228.430
MinimumVisualStudioVersion = 10.0.40219.1
Project("{9A19103F-16F7-4668-BE54-9A1E7A4F7556}") = "MovieStore", "MovieStore\MovieStore.csproj", "{E501254B-D112-4FF9-AAB5-E7F9CF633EDF}"
EndProject
Project("{2150E333-8FDC-42A3-9474-1A3956D46DE8}") = "Tests", "Tests", "{EFA7FA00-5ECB-4580-B459-3CA6E661024E}"
EndProject
Project("{FAE04EC0-301F-11D3-BF4B-00C04F79EFBC}") = "MovieStore.UnitTests", "MovieStore.UnitTests\MovieStore.UnitTests.csproj", "{78F122CE-8AC4-4391-BA00-AA13B4FE222F}"
EndProject
Global
	GlobalSection(SolutionConfigurationPlatforms) = preSolution
		Debug|Any CPU = Debug|Any CPU
		Release|Any CPU = Release|Any CPU
	EndGlobalSection
	GlobalSection(ProjectConfigurationPlatforms) = postSolution
		{E501254B-D112-4FF9-AAB5-E7F9CF633EDF}.Debug|Any CPU.ActiveCfg = Debug|Any CPU
		{E501254B-D112-4FF9-AAB5-E7F9CF633EDF}.Debug|Any CPU.Build.0 = Debug|Any CPU
		{E501254B-D112-4FF9-AAB5-E7F9CF633EDF}.Release|Any CPU.ActiveCfg = Release|Any CPU
		{E501254B-D112-4FF9-AAB5-E7F9CF633EDF}.Release|Any CPU.Build.0 = Release|Any CPU
		{78F122CE-8AC4-4391-BA00-AA13B4FE222F}.Debug|Any CPU.ActiveCfg = Debug|Any CPU
		{78F122CE-8AC4-4391-BA00-AA13B4FE222F}.Debug|Any CPU.Build.0 = Debug|Any CPU
		{78F122CE-8AC4-4391-BA00-AA13B4FE222F}.Release|Any CPU.ActiveCfg = Release|Any CPU
		{78F122CE-8AC4-4391-BA00-AA13B4FE222F}.Release|Any CPU.Build.0 = Release|Any CPU
	EndGlobalSection
	GlobalSection(SolutionProperties) = preSolution
		HideSolutionNode = FALSE
	EndGlobalSection
	GlobalSection(NestedProjects) = preSolution
		{78F122CE-8AC4-4391-BA00-AA13B4FE222F} = {EFA7FA00-5ECB-4580-B459-3CA6E661024E}
	EndGlobalSection
	GlobalSection(ExtensibilityGlobals) = postSolution
		SolutionGuid = {A010E8EB-C622-41CB-B149-64968FB9AA26}
	EndGlobalSection
EndGlobal
