
Microsoft Visual Studio Solution File, Format Version 12.00
# Visual Studio Version 17
VisualStudioVersion = 17.1.32228.430
MinimumVisualStudioVersion = 10.0.40219.1
Project("{FAE04EC0-301F-11D3-BF4B-00C04F79EFBC}") = "Serbest-Proje", "Serbest-Proje\Serbest-Proje.csproj", "{92A502C5-6A93-4D8E-825F-DA66A3B0BFFD}"
EndProject
Global
	GlobalSection(SolutionConfigurationPlatforms) = preSolution
		Debug|Any CPU = Debug|Any CPU
		Release|Any CPU = Release|Any CPU
	EndGlobalSection
	GlobalSection(ProjectConfigurationPlatforms) = postSolution
		{92A502C5-6A93-4D8E-825F-DA66A3B0BFFD}.Debug|Any CPU.ActiveCfg = Debug|Any CPU
		{92A502C5-6A93-4D8E-825F-DA66A3B0BFFD}.Debug|Any CPU.Build.0 = Debug|Any CPU
		{92A502C5-6A93-4D8E-825F-DA66A3B0BFFD}.Release|Any CPU.ActiveCfg = Release|Any CPU
		{92A502C5-6A93-4D8E-825F-DA66A3B0BFFD}.Release|Any CPU.Build.0 = Release|Any CPU
	EndGlobalSection
	GlobalSection(SolutionProperties) = preSolution
		HideSolutionNode = FALSE
	EndGlobalSection
	GlobalSection(ExtensibilityGlobals) = postSolution
		SolutionGuid = {58069E61-42A5-44D2-98C8-26E977482295}
	EndGlobalSection
EndGlobal
